
Microsoft Visual Studio Solution File, Format Version 12.00
# Visual Studio Version 17
VisualStudioVersion = 17.0.31903.59
MinimumVisualStudioVersion = 10.0.40219.1
Project("{FAE04EC0-301F-11D3-BF4B-00C04F79EFBC}") = "API", "API\API.csproj", "{62B85696-1989-4AEA-82C4-BD38852BD0FC}"
EndProject
Project("{FAE04EC0-301F-11D3-BF4B-00C04F79EFBC}") = "Core", "Core\Core.csproj", "{CEA82B36-DDA2-4B7C-85CC-6E2BA9A013DB}"
EndProject
Project("{FAE04EC0-301F-11D3-BF4B-00C04F79EFBC}") = "Infrastructure", "Infrastructure\Infrastructure.csproj", "{EB49E466-E2AD-4097-8C05-BFED4C5104A8}"
EndProject
Global
	GlobalSection(SolutionConfigurationPlatforms) = preSolution
		Debug|Any CPU = Debug|Any CPU
		Release|Any CPU = Release|Any CPU
	EndGlobalSection
	GlobalSection(SolutionProperties) = preSolution
		HideSolutionNode = FALSE
	EndGlobalSection
	GlobalSection(ProjectConfigurationPlatforms) = postSolution
		{62B85696-1989-4AEA-82C4-BD38852BD0FC}.Debug|Any CPU.ActiveCfg = Debug|Any CPU
		{62B85696-1989-4AEA-82C4-BD38852BD0FC}.Debug|Any CPU.Build.0 = Debug|Any CPU
		{62B85696-1989-4AEA-82C4-BD38852BD0FC}.Release|Any CPU.ActiveCfg = Release|Any CPU
		{62B85696-1989-4AEA-82C4-BD38852BD0FC}.Release|Any CPU.Build.0 = Release|Any CPU
		{CEA82B36-DDA2-4B7C-85CC-6E2BA9A013DB}.Debug|Any CPU.ActiveCfg = Debug|Any CPU
		{CEA82B36-DDA2-4B7C-85CC-6E2BA9A013DB}.Debug|Any CPU.Build.0 = Debug|Any CPU
		{CEA82B36-DDA2-4B7C-85CC-6E2BA9A013DB}.Release|Any CPU.ActiveCfg = Release|Any CPU
		{CEA82B36-DDA2-4B7C-85CC-6E2BA9A013DB}.Release|Any CPU.Build.0 = Release|Any CPU
		{EB49E466-E2AD-4097-8C05-BFED4C5104A8}.Debug|Any CPU.ActiveCfg = Debug|Any CPU
		{EB49E466-E2AD-4097-8C05-BFED4C5104A8}.Debug|Any CPU.Build.0 = Debug|Any CPU
		{EB49E466-E2AD-4097-8C05-BFED4C5104A8}.Release|Any CPU.ActiveCfg = Release|Any CPU
		{EB49E466-E2AD-4097-8C05-BFED4C5104A8}.Release|Any CPU.Build.0 = Release|Any CPU
	EndGlobalSection
EndGlobal
